
Microsoft Visual Studio Solution File, Format Version 12.00
# Visual Studio Version 17
VisualStudioVersion = 17.8.34330.188
MinimumVisualStudioVersion = 10.0.40219.1
Project("{FAE04EC0-301F-11D3-BF4B-00C04F79EFBC}") = "NuGet-Depends", "NuGet-Depends\NuGet-Depends.csproj", "{766286D9-A2D6-4517-852F-A9F15A9ADDA7}"
EndProject
Project("{9A19103F-16F7-4668-BE54-9A1E7A4F7556}") = "NuGet-Unmanaged", "NuGet-Unmanaged\NuGet-Unmanaged.csproj", "{393D9D60-9D36-4F5E-8B48-DC93BD1E6331}"
EndProject
Project("{FAE04EC0-301F-11D3-BF4B-00C04F79EFBC}") = "CurlThinExtractor", "CurlThinExtractor\CurlThinExtractor.csproj", "{B78B93B4-83D6-4EAD-8393-D9FF3DDBFEFD}"
EndProject
Global
	GlobalSection(SolutionConfigurationPlatforms) = preSolution
		Debug|Any CPU = Debug|Any CPU
		Debug|x64 = Debug|x64
		Debug|x86 = Debug|x86
		Release|Any CPU = Release|Any CPU
		Release|x64 = Release|x64
		Release|x86 = Release|x86
	EndGlobalSection
	GlobalSection(ProjectConfigurationPlatforms) = postSolution
		{766286D9-A2D6-4517-852F-A9F15A9ADDA7}.Debug|Any CPU.ActiveCfg = Debug|Any CPU
		{766286D9-A2D6-4517-852F-A9F15A9ADDA7}.Debug|Any CPU.Build.0 = Debug|Any CPU
		{766286D9-A2D6-4517-852F-A9F15A9ADDA7}.Debug|x64.ActiveCfg = Debug|Any CPU
		{766286D9-A2D6-4517-852F-A9F15A9ADDA7}.Debug|x86.ActiveCfg = Debug|Any CPU
		{766286D9-A2D6-4517-852F-A9F15A9ADDA7}.Release|Any CPU.ActiveCfg = Release|Any CPU
		{766286D9-A2D6-4517-852F-A9F15A9ADDA7}.Release|Any CPU.Build.0 = Release|Any CPU
		{766286D9-A2D6-4517-852F-A9F15A9ADDA7}.Release|x64.ActiveCfg = Release|Any CPU
		{766286D9-A2D6-4517-852F-A9F15A9ADDA7}.Release|x86.ActiveCfg = Release|Any CPU
		{393D9D60-9D36-4F5E-8B48-DC93BD1E6331}.Debug|Any CPU.ActiveCfg = Debug|Any CPU
		{393D9D60-9D36-4F5E-8B48-DC93BD1E6331}.Debug|Any CPU.Build.0 = Debug|Any CPU
		{393D9D60-9D36-4F5E-8B48-DC93BD1E6331}.Debug|x64.ActiveCfg = Debug|Any CPU
		{393D9D60-9D36-4F5E-8B48-DC93BD1E6331}.Debug|x86.ActiveCfg = Debug|Any CPU
		{393D9D60-9D36-4F5E-8B48-DC93BD1E6331}.Release|Any CPU.ActiveCfg = Release|Any CPU
		{393D9D60-9D36-4F5E-8B48-DC93BD1E6331}.Release|Any CPU.Build.0 = Release|Any CPU
		{393D9D60-9D36-4F5E-8B48-DC93BD1E6331}.Release|x64.ActiveCfg = Release|Any CPU
		{393D9D60-9D36-4F5E-8B48-DC93BD1E6331}.Release|x86.ActiveCfg = Release|Any CPU
		{B78B93B4-83D6-4EAD-8393-D9FF3DDBFEFD}.Debug|Any CPU.ActiveCfg = Debug|Any CPU
		{B78B93B4-83D6-4EAD-8393-D9FF3DDBFEFD}.Debug|x64.ActiveCfg = Debug|x64
		{B78B93B4-83D6-4EAD-8393-D9FF3DDBFEFD}.Debug|x64.Build.0 = Debug|x64
		{B78B93B4-83D6-4EAD-8393-D9FF3DDBFEFD}.Debug|x86.ActiveCfg = Debug|x86
		{B78B93B4-83D6-4EAD-8393-D9FF3DDBFEFD}.Debug|x86.Build.0 = Debug|x86
		{B78B93B4-83D6-4EAD-8393-D9FF3DDBFEFD}.Release|Any CPU.ActiveCfg = Release|Any CPU
		{B78B93B4-83D6-4EAD-8393-D9FF3DDBFEFD}.Release|Any CPU.Build.0 = Release|Any CPU
		{B78B93B4-83D6-4EAD-8393-D9FF3DDBFEFD}.Release|x64.ActiveCfg = Release|Any CPU
		{B78B93B4-83D6-4EAD-8393-D9FF3DDBFEFD}.Release|x64.Build.0 = Release|Any CPU
		{B78B93B4-83D6-4EAD-8393-D9FF3DDBFEFD}.Release|x86.ActiveCfg = Release|Any CPU
		{B78B93B4-83D6-4EAD-8393-D9FF3DDBFEFD}.Release|x86.Build.0 = Release|Any CPU
	EndGlobalSection
	GlobalSection(SolutionProperties) = preSolution
		HideSolutionNode = FALSE
	EndGlobalSection
	GlobalSection(ExtensibilityGlobals) = postSolution
		SolutionGuid = {DF1DFBA2-F961-4BA1-953B-CE9C17382B3C}
	EndGlobalSection
EndGlobal
